
Microsoft Visual Studio Solution File, Format Version 12.00
# Visual Studio Version 16
VisualStudioVersion = 16.0.32602.291
MinimumVisualStudioVersion = 10.0.40219.1
Project("{FAE04EC0-301F-11D3-BF4B-00C04F79EFBC}") = "lab5_team", "lab5_team\lab5_team.csproj", "{C3D1FF0E-60B6-4C20-A43F-9311B68EFD3F}"
EndProject
Global
	GlobalSection(SolutionConfigurationPlatforms) = preSolution
		Debug|Any CPU = Debug|Any CPU
		Release|Any CPU = Release|Any CPU
	EndGlobalSection
	GlobalSection(ProjectConfigurationPlatforms) = postSolution
		{C3D1FF0E-60B6-4C20-A43F-9311B68EFD3F}.Debug|Any CPU.ActiveCfg = Debug|Any CPU
		{C3D1FF0E-60B6-4C20-A43F-9311B68EFD3F}.Debug|Any CPU.Build.0 = Debug|Any CPU
		{C3D1FF0E-60B6-4C20-A43F-9311B68EFD3F}.Release|Any CPU.ActiveCfg = Release|Any CPU
		{C3D1FF0E-60B6-4C20-A43F-9311B68EFD3F}.Release|Any CPU.Build.0 = Release|Any CPU
	EndGlobalSection
	GlobalSection(SolutionProperties) = preSolution
		HideSolutionNode = FALSE
	EndGlobalSection
	GlobalSection(ExtensibilityGlobals) = postSolution
		SolutionGuid = {76C9933E-C07D-4190-8723-CD75EE4B7133}
	EndGlobalSection
EndGlobal
